// !$*UTF8*$!
{
	archiveVersion = 1;
	classes = {
	};
	objectVersion = 50;
	objects = {

/* Begin PBXBuildFile section */
		7A2370F6254A810800402BA3 /* AppDelegate.m in Sources */ = {isa = PBXBuildFile; fileRef = 7A2370F5254A810800402BA3 /* AppDelegate.m */; };
		7A2370FC254A810800402BA3 /* ViewController.m in Sources */ = {isa = PBXBuildFile; fileRef = 7A2370FB254A810800402BA3 /* ViewController.m */; };
		7A2370FF254A810800402BA3 /* Main.storyboard in Resources */ = {isa = PBXBuildFile; fileRef = 7A2370FD254A810800402BA3 /* Main.storyboard */; };
		7A237101254A810A00402BA3 /* Assets.xcassets in Resources */ = {isa = PBXBuildFile; fileRef = 7A237100254A810A00402BA3 /* Assets.xcassets */; };
		7A237104254A810A00402BA3 /* LaunchScreen.storyboard in Resources */ = {isa = PBXBuildFile; fileRef = 7A237102254A810A00402BA3 /* LaunchScreen.storyboard */; };
		7A237107254A810A00402BA3 /* main.m in Sources */ = {isa = PBXBuildFile; fileRef = 7A237106254A810A00402BA3 /* main.m */; };
		7A64DB9D254BE16B00E254C2 /* MyButton.m in Sources */ = {isa = PBXBuildFile; fileRef = 7A64DB9C254BE16B00E254C2 /* MyButton.m */; };
		7A64DBA1254BE33A00E254C2 /* MyButton.xib in Resources */ = {isa = PBXBuildFile; fileRef = 7A64DBA0254BE33A00E254C2 /* MyButton.xib */; };
/* End PBXBuildFile section */

/* Begin PBXFileReference section */
		7A2370F1254A810800402BA3 /* SampleApp.app */ = {isa = PBXFileReference; explicitFileType = wrapper.application; includeInIndex = 0; path = SampleApp.app; sourceTree = BUILT_PRODUCTS_DIR; };
		7A2370F4254A810800402BA3 /* AppDelegate.h */ = {isa = PBXFileReference; lastKnownFileType = sourcecode.c.h; path = AppDelegate.h; sourceTree = "<group>"; };
		7A2370F5254A810800402BA3 /* AppDelegate.m */ = {isa = PBXFileReference; lastKnownFileType = sourcecode.c.objc; path = AppDelegate.m; sourceTree = "<group>"; };
		7A2370FA254A810800402BA3 /* ViewController.h */ = {isa = PBXFileReference; lastKnownFileType = sourcecode.c.h; path = ViewController.h; sourceTree = "<group>"; };
		7A2370FB254A810800402BA3 /* ViewController.m */ = {isa = PBXFileReference; lastKnownFileType = sourcecode.c.objc; path = ViewController.m; sourceTree = "<group>"; };
		7A2370FE254A810800402BA3 /* Base */ = {isa = PBXFileReference; lastKnownFileType = file.storyboard; name = Base; path = Base.lproj/Main.storyboard; sourceTree = "<group>"; };
		7A237100254A810A00402BA3 /* Assets.xcassets */ = {isa = PBXFileReference; lastKnownFileType = folder.assetcatalog; path = Assets.xcassets; sourceTree = "<group>"; };
		7A237103254A810A00402BA3 /* Base */ = {isa = PBXFileReference; lastKnownFileType = file.storyboard; name = Base; path = Base.lproj/LaunchScreen.storyboard; sourceTree = "<group>"; };
		7A237105254A810A00402BA3 /* Info.plist */ = {isa = PBXFileReference; lastKnownFileType = text.plist.xml; path = Info.plist; sourceTree = "<group>"; };
		7A237106254A810A00402BA3 /* main.m */ = {isa = PBXFileReference; lastKnownFileType = sourcecode.c.objc; path = main.m; sourceTree = "<group>"; };
		7A64DB9B254BE16B00E254C2 /* MyButton.h */ = {isa = PBXFileReference; lastKnownFileType = sourcecode.c.h; path = MyButton.h; sourceTree = "<group>"; };
		7A64DB9C254BE16B00E254C2 /* MyButton.m */ = {isa = PBXFileReference; lastKnownFileType = sourcecode.c.objc; path = MyButton.m; sourceTree = "<group>"; };
		7A64DBA0254BE33A00E254C2 /* MyButton.xib */ = {isa = PBXFileReference; lastKnownFileType = file.xib; path = MyButton.xib; sourceTree = "<group>"; };
/* End PBXFileReference section */

/* Begin PBXFrameworksBuildPhase section */
		7A2370EE254A810800402BA3 /* Frameworks */ = {
			isa = PBXFrameworksBuildPhase;
			buildActionMask = 2147483647;
			files = (
			);
			runOnlyForDeploymentPostprocessing = 0;
		};
/* End PBXFrameworksBuildPhase section */

/* Begin PBXGroup section */
		7A2370E8254A810800402BA3 = {
			isa = PBXGroup;
			children = (
				7A2370F3254A810800402BA3 /* SampleApp */,
				7A2370F2254A810800402BA3 /* Products */,
			);
			sourceTree = "<group>";
		};
		7A2370F2254A810800402BA3 /* Products */ = {
			isa = PBXGroup;
			children = (
				7A2370F1254A810800402BA3 /* SampleApp.app */,
			);
			name = Products;
			sourceTree = "<group>";
		};
		7A2370F3254A810800402BA3 /* SampleApp */ = {
			isa = PBXGroup;
			children = (
				7A2370F4254A810800402BA3 /* AppDelegate.h */,
				7A2370F5254A810800402BA3 /* AppDelegate.m */,
				7A2370FA254A810800402BA3 /* ViewController.h */,
				7A2370FB254A810800402BA3 /* ViewController.m */,
				7A2370FD254A810800402BA3 /* Main.storyboard */,
				7A237100254A810A00402BA3 /* Assets.xcassets */,
				7A237102254A810A00402BA3 /* LaunchScreen.storyboard */,
				7A237105254A810A00402BA3 /* Info.plist */,
				7A237106254A810A00402BA3 /* main.m */,
				7A64DB9B254BE16B00E254C2 /* MyButton.h */,
				7A64DB9C254BE16B00E254C2 /* MyButton.m */,
				7A64DBA0254BE33A00E254C2 /* MyButton.xib */,
			);
			path = SampleApp;
			sourceTree = "<group>";
		};
/* End PBXGroup section */

/* Begin PBXNativeTarget section */
		7A2370F0254A810800402BA3 /* SampleApp */ = {
			isa = PBXNativeTarget;
			buildConfigurationList = 7A23710A254A810A00402BA3 /* Build configuration list for PBXNativeTarget "SampleApp" */;
			buildPhases = (
				7A2370ED254A810800402BA3 /* Sources */,
				7A2370EE254A810800402BA3 /* Frameworks */,
				7A2370EF254A810800402BA3 /* Resources */,
			);
			buildRules = (
			);
			dependencies = (
			);
			name = SampleApp;
			productName = SampleApp;
			productReference = 7A2370F1254A810800402BA3 /* SampleApp.app */;
			productType = "com.apple.product-type.application";
		};
/* End PBXNativeTarget section */

/* Begin PBXProject section */
		7A2370E9254A810800402BA3 /* Project object */ = {
			isa = PBXProject;
			attributes = {
				LastUpgradeCheck = 1210;
				TargetAttributes = {
					7A2370F0254A810800402BA3 = {
						CreatedOnToolsVersion = 12.1;
					};
				};
			};
			buildConfigurationList = 7A2370EC254A810800402BA3 /* Build configuration list for PBXProject "SampleApp" */;
			compatibilityVersion = "Xcode 9.3";
			developmentRegion = en;
			hasScannedForEncodings = 0;
			knownRegions = (
				en,
				Base,
			);
			mainGroup = 7A2370E8254A810800402BA3;
			productRefGroup = 7A2370F2254A810800402BA3 /* Products */;
			projectDirPath = "";
			projectRoot = "";
			targets = (
				7A2370F0254A810800402BA3 /* SampleApp */,
			);
		};
/* End PBXProject section */

/* Begin PBXResourcesBuildPhase section */
		7A2370EF254A810800402BA3 /* Resources */ = {
			isa = PBXResourcesBuildPhase;
			buildActionMask = 2147483647;
			files = (
				7A237104254A810A00402BA3 /* LaunchScreen.storyboard in Resources */,
				7A237101254A810A00402BA3 /* Assets.xcassets in Resources */,
				7A2370FF254A810800402BA3 /* Main.storyboard in Resources */,
				7A64DBA1254BE33A00E254C2 /* MyButton.xib in Resources */,
			);
			runOnlyForDeploymentPostprocessing = 0;
		};
/* End PBXResourcesBuildPhase section */

/* Begin PBXSourcesBuildPhase section */
		7A2370ED254A810800402BA3 /* Sources */ = {
			isa = PBXSourcesBuildPhase;
			buildActionMask = 2147483647;
			files = (
				7A2370FC254A810800402BA3 /* ViewController.m in Sources */,
				7A2370F6254A810800402BA3 /* AppDelegate.m in Sources */,
				7A237107254A810A00402BA3 /* main.m in Sources */,
				7A64DB9D254BE16B00E254C2 /* MyButton.m in Sources */,
			);
			runOnlyForDeploymentPostprocessing = 0;
		};
/* End PBXSourcesBuildPhase section */

/* Begin PBXVariantGroup section */
		7A2370FD254A810800402BA3 /* Main.storyboard */ = {
			isa = PBXVariantGroup;
			children = (
				7A2370FE254A810800402BA3 /* Base */,
			);
			name = Main.storyboard;
			sourceTree = "<group>";
		};
		7A237102254A810A00402BA3 /* LaunchScreen.storyboard */ = {
			isa = PBXVariantGroup;
			children = (
				7A237103254A810A00402BA3 /* Base */,
			);
			name = LaunchScreen.storyboard;
			sourceTree = "<group>";
		};
/* End PBXVariantGroup section */

/* Begin XCBuildConfiguration section */
		7A237108254A810A00402BA3 /* Debug */ = {
			isa = XCBuildConfiguration;
			buildSettings = {
				ALWAYS_SEARCH_USER_PATHS = NO;
				CLANG_ANALYZER_NONNULL = YES;
				CLANG_ANALYZER_NUMBER_OBJECT_CONVERSION = YES_AGGRESSIVE;
				CLANG_CXX_LANGUAGE_STANDARD = "gnu++14";
				CLANG_CXX_LIBRARY = "libc++";
				CLANG_ENABLE_MODULES = YES;
				CLANG_ENABLE_OBJC_ARC = YES;
				CLANG_ENABLE_OBJC_WEAK = YES;
				CLANG_WARN_BLOCK_CAPTURE_AUTORELEASING = YES;
				CLANG_WARN_BOOL_CONVERSION = YES;
				CLANG_WARN_COMMA = YES;
				CLANG_WARN_CONSTANT_CONVERSION = YES;
				CLANG_WARN_DEPRECATED_OBJC_IMPLEMENTATIONS = YES;
				CLANG_WARN_DIRECT_OBJC_ISA_USAGE = YES_ERROR;
				CLANG_WARN_DOCUMENTATION_COMMENTS = YES;
				CLANG_WARN_EMPTY_BODY = YES;
				CLANG_WARN_ENUM_CONVERSION = YES;
				CLANG_WARN_INFINITE_RECURSION = YES;
				CLANG_WARN_INT_CONVERSION = YES;
				CLANG_WARN_NON_LITERAL_NULL_CONVERSION = YES;
				CLANG_WARN_OBJC_IMPLICIT_RETAIN_SELF = YES;
				CLANG_WARN_OBJC_LITERAL_CONVERSION = YES;
				CLANG_WARN_OBJC_ROOT_CLASS = YES_ERROR;
				CLANG_WARN_QUOTED_INCLUDE_IN_FRAMEWORK_HEADER = YES;
				CLANG_WARN_RANGE_LOOP_ANALYSIS = YES;
				CLANG_WARN_STRICT_PROTOTYPES = YES;
				CLANG_WARN_SUSPICIOUS_MOVE = YES;
				CLANG_WARN_UNGUARDED_AVAILABILITY = YES_AGGRESSIVE;
				CLANG_WARN_UNREACHABLE_CODE = YES;
				CLANG_WARN__DUPLICATE_METHOD_MATCH = YES;
				COPY_PHASE_STRIP = NO;
				DEBUG_INFORMATION_FORMAT = dwarf;
				ENABLE_STRICT_OBJC_MSGSEND = YES;
				ENABLE_TESTABILITY = YES;
				GCC_C_LANGUAGE_STANDARD = gnu11;
				GCC_DYNAMIC_NO_PIC = NO;
				GCC_NO_COMMON_BLOCKS = YES;
				GCC_OPTIMIZATION_LEVEL = 0;
				GCC_PREPROCESSOR_DEFINITIONS = (
					"DEBUG=1",
					"$(inherited)",
				);
				GCC_WARN_64_TO_32_BIT_CONVERSION = YES;
				GCC_WARN_ABOUT_RETURN_TYPE = YES_ERROR;
				GCC_WARN_UNDECLARED_SELECTOR = YES;
				GCC_WARN_UNINITIALIZED_AUTOS = YES_AGGRESSIVE;
				GCC_WARN_UNUSED_FUNCTION = YES;
				GCC_WARN_UNUSED_VARIABLE = YES;
				IPHONEOS_DEPLOYMENT_TARGET = 14.1;
				MTL_ENABLE_DEBUG_INFO = INCLUDE_SOURCE;
				MTL_FAST_MATH = YES;
				ONLY_ACTIVE_ARCH = YES;
				SDKROOT = iphoneos;
			};
			name = Debug;
		};
		7A237109254A810A00402BA3 /* Release */ = {
			isa = XCBuildConfiguration;
			buildSettings = {
				ALWAYS_SEARCH_USER_PATHS = NO;
				CLANG_ANALYZER_NONNULL = YES;
				CLANG_ANALYZER_NUMBER_OBJECT_CONVERSION = YES_AGGRESSIVE;
				CLANG_CXX_LANGUAGE_STANDARD = "gnu++14";
				CLANG_CXX_LIBRARY = "libc++";
				CLANG_ENABLE_MODULES = YES;
				CLANG_ENABLE_OBJC_ARC = YES;
				CLANG_ENABLE_OBJC_WEAK = YES;
				CLANG_WARN_BLOCK_CAPTURE_AUTORELEASING = YES;
				CLANG_WARN_BOOL_CONVERSION = YES;
				CLANG_WARN_COMMA = YES;
				CLANG_WARN_CONSTANT_CONVERSION = YES;
				CLANG_WARN_DEPRECATED_OBJC_IMPLEMENTATIONS = YES;
				CLANG_WARN_DIRECT_OBJC_ISA_USAGE = YES_ERROR;
				CLANG_WARN_DOCUMENTATION_COMMENTS = YES;
				CLANG_WARN_EMPTY_BODY = YES;
				CLANG_WARN_ENUM_CONVERSION = YES;
				CLANG_WARN_INFINITE_RECURSION = YES;
				CLANG_WARN_INT_CONVERSION = YES;
				CLANG_WARN_NON_LITERAL_NULL_CONVERSION = YES;
				CLANG_WARN_OBJC_IMPLICIT_RETAIN_SELF = YES;
				CLANG_WARN_OBJC_LITERAL_CONVERSION = YES;
				CLANG_WARN_OBJC_ROOT_CLASS = YES_ERROR;
				CLANG_WARN_QUOTED_INCLUDE_IN_FRAMEWORK_HEADER = YES;
				CLANG_WARN_RANGE_LOOP_ANALYSIS = YES;
				CLANG_WARN_STRICT_PROTOTYPES = YES;
				CLANG_WARN_SUSPICIOUS_MOVE = YES;
				CLANG_WARN_UNGUARDED_AVAILABILITY = YES_AGGRESSIVE;
				CLANG_WARN_UNREACHABLE_CODE = YES;
				CLANG_WARN__DUPLICATE_METHOD_MATCH = YES;
				COPY_PHASE_STRIP = NO;
				DEBUG_INFORMATION_FORMAT = "dwarf-with-dsym";
				ENABLE_NS_ASSERTIONS = NO;
				ENABLE_STRICT_OBJC_MSGSEND = YES;
				GCC_C_LANGUAGE_STANDARD = gnu11;
				GCC_NO_COMMON_BLOCKS = YES;
				GCC_WARN_64_TO_32_BIT_CONVERSION = YES;
				GCC_WARN_ABOUT_RETURN_TYPE = YES_ERROR;
				GCC_WARN_UNDECLARED_SELECTOR = YES;
				GCC_WARN_UNINITIALIZED_AUTOS = YES_AGGRESSIVE;
				GCC_WARN_UNUSED_FUNCTION = YES;
				GCC_WARN_UNUSED_VARIABLE = YES;
				IPHONEOS_DEPLOYMENT_TARGET = 14.1;
				MTL_ENABLE_DEBUG_INFO = NO;
				MTL_FAST_MATH = YES;
				SDKROOT = iphoneos;
				VALIDATE_PRODUCT = YES;
			};
			name = Release;
		};
		7A23710B254A810A00402BA3 /* Debug */ = {
			isa = XCBuildConfiguration;
			buildSettings = {
				ASSETCATALOG_COMPILER_APPICON_NAME = AppIcon;
				ASSETCATALOG_COMPILER_GLOBAL_ACCENT_COLOR_NAME = AccentColor;
				CODE_SIGN_STYLE = Automatic;
				INFOPLIST_FILE = SampleApp/Info.plist;
				IPHONEOS_DEPLOYMENT_TARGET = 12.0;
				LD_RUNPATH_SEARCH_PATHS = (
					"$(inherited)",
					"@executable_path/Frameworks",
				);
				PRODUCT_BUNDLE_IDENTIFIER = io.yoondev.SampleApp;
				PRODUCT_NAME = "$(TARGET_NAME)";
				TARGETED_DEVICE_FAMILY = "1,2";
			};
			name = Debug;
		};
		7A23710C254A810A00402BA3 /* Release */ = {
			isa = XCBuildConfiguration;
			buildSettings = {
				ASSETCATALOG_COMPILER_APPICON_NAME = AppIcon;
				ASSETCATALOG_COMPILER_GLOBAL_ACCENT_COLOR_NAME = AccentColor;
				CODE_SIGN_STYLE = Automatic;
				INFOPLIST_FILE = SampleApp/Info.plist;
				IPHONEOS_DEPLOYMENT_TARGET = 12.0;
				LD_RUNPATH_SEARCH_PATHS = (
					"$(inherited)",
					"@executable_path/Frameworks",
				);
				PRODUCT_BUNDLE_IDENTIFIER = io.yoondev.SampleApp;
				PRODUCT_NAME = "$(TARGET_NAME)";
				TARGETED_DEVICE_FAMILY = "1,2";
			};
			name = Release;
		};
/* End XCBuildConfiguration section */

/* Begin XCConfigurationList section */
		7A2370EC254A810800402BA3 /* Build configuration list for PBXProject "SampleApp" */ = {
			isa = XCConfigurationList;
			buildConfigurations = (
				7A237108254A810A00402BA3 /* Debug */,
				7A237109254A810A00402BA3 /* Release */,
			);
			defaultConfigurationIsVisible = 0;
			defaultConfigurationName = Release;
		};
		7A23710A254A810A00402BA3 /* Build configuration list for PBXNativeTarget "SampleApp" */ = {
			isa = XCConfigurationList;
			buildConfigurations = (
				7A23710B254A810A00402BA3 /* Debug */,
				7A23710C254A810A00402BA3 /* Release */,
			);
			defaultConfigurationIsVisible = 0;
			defaultConfigurationName = Release;
		};
/* End XCConfigurationList section */
	};
	rootObject = 7A2370E9254A810800402BA3 /* Project object */;
}
