// !$*UTF8*$!
{
	archiveVersion = 1;
	classes = {
	};
	objectVersion = 50;
	objects = {

/* Begin PBXBuildFile section */
		7A1C12D42547EE5800855DFD /* main.m in Sources */ = {isa = PBXBuildFile; fileRef = 7A1C12D32547EE5800855DFD /* main.m */; };
/* End PBXBuildFile section */

/* Begin PBXCopyFilesBuildPhase section */
		7A744338254648E800E5E6D8 /* CopyFiles */ = {
			isa = PBXCopyFilesBuildPhase;
			buildActionMask = 2147483647;
			dstPath = /usr/share/man/man1/;
			dstSubfolderSpec = 0;
			files = (
			);
			runOnlyForDeploymentPostprocessing = 1;
		};
/* End PBXCopyFilesBuildPhase section */

/* Begin PBXFileReference section */
		7A1C128825479D1F00855DFD /* 13_프로퍼티활용2.m */ = {isa = PBXFileReference; lastKnownFileType = sourcecode.c.objc; path = "13_프로퍼티활용2.m"; sourceTree = "<group>"; };
		7A1C128C2547A33300855DFD /* 14_객체생성방법.m */ = {isa = PBXFileReference; lastKnownFileType = sourcecode.c.objc; path = "14_객체생성방법.m"; sourceTree = "<group>"; };
		7A1C12912547A75C00855DFD /* 15_Class.m */ = {isa = PBXFileReference; lastKnownFileType = sourcecode.c.objc; path = 15_Class.m; sourceTree = "<group>"; };
		7A1C12952547B26A00855DFD /* 16_다형성.m */ = {isa = PBXFileReference; lastKnownFileType = sourcecode.c.objc; path = "16_다형성.m"; sourceTree = "<group>"; };
		7A1C129A2547B7D200855DFD /* 17_Selector.m */ = {isa = PBXFileReference; lastKnownFileType = sourcecode.c.objc; path = 17_Selector.m; sourceTree = "<group>"; };
		7A1C129E2547C1D300855DFD /* 18_타겟액션.m */ = {isa = PBXFileReference; lastKnownFileType = sourcecode.c.objc; path = "18_타겟액션.m"; sourceTree = "<group>"; };
		7A1C12C92547DABD00855DFD /* 19_델리게이트.m */ = {isa = PBXFileReference; lastKnownFileType = sourcecode.c.objc; path = "19_델리게이트.m"; sourceTree = "<group>"; };
		7A1C12CE2547E81C00855DFD /* 20_블록프로그래밍.m */ = {isa = PBXFileReference; lastKnownFileType = sourcecode.c.objc; path = "20_블록프로그래밍.m"; sourceTree = "<group>"; };
		7A1C12D32547EE5800855DFD /* main.m */ = {isa = PBXFileReference; lastKnownFileType = sourcecode.c.objc; path = main.m; sourceTree = "<group>"; };
		7A74433A254648E800E5E6D8 /* iOS_1026 */ = {isa = PBXFileReference; explicitFileType = "compiled.mach-o.executable"; includeInIndex = 0; path = iOS_1026; sourceTree = BUILT_PRODUCTS_DIR; };
		7A74433D254648E800E5E6D8 /* 1_시작.m */ = {isa = PBXFileReference; lastKnownFileType = sourcecode.c.objc; path = "1_시작.m"; sourceTree = "<group>"; };
		7A7443512546524800E5E6D8 /* 2_클래스기본문법.m */ = {isa = PBXFileReference; lastKnownFileType = sourcecode.c.objc; path = "2_클래스기본문법.m"; sourceTree = "<group>"; };
		7A7443562546583100E5E6D8 /* 3_메소드.m */ = {isa = PBXFileReference; lastKnownFileType = sourcecode.c.objc; path = "3_메소드.m"; sourceTree = "<group>"; };
		7A74435B254660E500E5E6D8 /* 4_초기화메소드.m */ = {isa = PBXFileReference; lastKnownFileType = sourcecode.c.objc; path = "4_초기화메소드.m"; sourceTree = "<group>"; };
		7A7443602546703200E5E6D8 /* 5_프로퍼티.m */ = {isa = PBXFileReference; lastKnownFileType = sourcecode.c.objc; path = "5_프로퍼티.m"; sourceTree = "<group>"; };
		7A744364254676EA00E5E6D8 /* 6_참조계수.m */ = {isa = PBXFileReference; lastKnownFileType = sourcecode.c.objc; path = "6_참조계수.m"; sourceTree = "<group>"; };
		7A9782E125468E8300CAD1B5 /* 7_AutoReleasePool.m */ = {isa = PBXFileReference; lastKnownFileType = sourcecode.c.objc; path = 7_AutoReleasePool.m; sourceTree = "<group>"; };
		7A9782E5254698B800CAD1B5 /* 8_객체소유권.m */ = {isa = PBXFileReference; lastKnownFileType = sourcecode.c.objc; path = "8_객체소유권.m"; sourceTree = "<group>"; };
		7A9782ED25469E9300CAD1B5 /* 9_프로퍼티속성(MRC).m */ = {isa = PBXFileReference; lastKnownFileType = sourcecode.c.objc; path = "9_프로퍼티속성(MRC).m"; sourceTree = "<group>"; };
		7A9782F12546A5FB00CAD1B5 /* 10_프로퍼티속성(ARC).m */ = {isa = PBXFileReference; lastKnownFileType = sourcecode.c.objc; path = "10_프로퍼티속성(ARC).m"; sourceTree = "<group>"; };
		7A9782F62546ABDE00CAD1B5 /* 11_약한참조(autoniling).m */ = {isa = PBXFileReference; lastKnownFileType = sourcecode.c.objc; path = "11_약한참조(autoniling).m"; sourceTree = "<group>"; };
		7A9782FB2546B56400CAD1B5 /* 12_프로퍼티속성정리.m */ = {isa = PBXFileReference; lastKnownFileType = sourcecode.c.objc; path = "12_프로퍼티속성정리.m"; sourceTree = "<group>"; };
		7A9783002546BA9100CAD1B5 /* 13_프로퍼티활용.m */ = {isa = PBXFileReference; lastKnownFileType = sourcecode.c.objc; path = "13_프로퍼티활용.m"; sourceTree = "<group>"; };
/* End PBXFileReference section */

/* Begin PBXFrameworksBuildPhase section */
		7A744337254648E800E5E6D8 /* Frameworks */ = {
			isa = PBXFrameworksBuildPhase;
			buildActionMask = 2147483647;
			files = (
			);
			runOnlyForDeploymentPostprocessing = 0;
		};
/* End PBXFrameworksBuildPhase section */

/* Begin PBXGroup section */
		7A744331254648E800E5E6D8 = {
			isa = PBXGroup;
			children = (
				7A74433C254648E800E5E6D8 /* iOS_1026 */,
				7A74433B254648E800E5E6D8 /* Products */,
			);
			sourceTree = "<group>";
		};
		7A74433B254648E800E5E6D8 /* Products */ = {
			isa = PBXGroup;
			children = (
				7A74433A254648E800E5E6D8 /* iOS_1026 */,
			);
			name = Products;
			sourceTree = "<group>";
		};
		7A74433C254648E800E5E6D8 /* iOS_1026 */ = {
			isa = PBXGroup;
			children = (
				7A74433D254648E800E5E6D8 /* 1_시작.m */,
				7A7443512546524800E5E6D8 /* 2_클래스기본문법.m */,
				7A7443562546583100E5E6D8 /* 3_메소드.m */,
				7A74435B254660E500E5E6D8 /* 4_초기화메소드.m */,
				7A7443602546703200E5E6D8 /* 5_프로퍼티.m */,
				7A744364254676EA00E5E6D8 /* 6_참조계수.m */,
				7A9782E125468E8300CAD1B5 /* 7_AutoReleasePool.m */,
				7A9782E5254698B800CAD1B5 /* 8_객체소유권.m */,
				7A9782ED25469E9300CAD1B5 /* 9_프로퍼티속성(MRC).m */,
				7A9782F12546A5FB00CAD1B5 /* 10_프로퍼티속성(ARC).m */,
				7A9782F62546ABDE00CAD1B5 /* 11_약한참조(autoniling).m */,
				7A9782FB2546B56400CAD1B5 /* 12_프로퍼티속성정리.m */,
				7A9783002546BA9100CAD1B5 /* 13_프로퍼티활용.m */,
				7A1C128825479D1F00855DFD /* 13_프로퍼티활용2.m */,
				7A1C128C2547A33300855DFD /* 14_객체생성방법.m */,
				7A1C12912547A75C00855DFD /* 15_Class.m */,
				7A1C12952547B26A00855DFD /* 16_다형성.m */,
				7A1C129A2547B7D200855DFD /* 17_Selector.m */,
				7A1C129E2547C1D300855DFD /* 18_타겟액션.m */,
				7A1C12C92547DABD00855DFD /* 19_델리게이트.m */,
				7A1C12CE2547E81C00855DFD /* 20_블록프로그래밍.m */,
				7A1C12D32547EE5800855DFD /* main.m */,
			);
			path = iOS_1026;
			sourceTree = "<group>";
		};
/* End PBXGroup section */

/* Begin PBXNativeTarget section */
		7A744339254648E800E5E6D8 /* iOS_1026 */ = {
			isa = PBXNativeTarget;
			buildConfigurationList = 7A744341254648E800E5E6D8 /* Build configuration list for PBXNativeTarget "iOS_1026" */;
			buildPhases = (
				7A744336254648E800E5E6D8 /* Sources */,
				7A744337254648E800E5E6D8 /* Frameworks */,
				7A744338254648E800E5E6D8 /* CopyFiles */,
			);
			buildRules = (
			);
			dependencies = (
			);
			name = iOS_1026;
			productName = iOS_1026;
			productReference = 7A74433A254648E800E5E6D8 /* iOS_1026 */;
			productType = "com.apple.product-type.tool";
		};
/* End PBXNativeTarget section */

/* Begin PBXProject section */
		7A744332254648E800E5E6D8 /* Project object */ = {
			isa = PBXProject;
			attributes = {
				LastUpgradeCheck = 1210;
				TargetAttributes = {
					7A744339254648E800E5E6D8 = {
						CreatedOnToolsVersion = 12.1;
					};
				};
			};
			buildConfigurationList = 7A744335254648E800E5E6D8 /* Build configuration list for PBXProject "iOS_1026" */;
			compatibilityVersion = "Xcode 9.3";
			developmentRegion = en;
			hasScannedForEncodings = 0;
			knownRegions = (
				en,
				Base,
			);
			mainGroup = 7A744331254648E800E5E6D8;
			productRefGroup = 7A74433B254648E800E5E6D8 /* Products */;
			projectDirPath = "";
			projectRoot = "";
			targets = (
				7A744339254648E800E5E6D8 /* iOS_1026 */,
			);
		};
/* End PBXProject section */

/* Begin PBXSourcesBuildPhase section */
		7A744336254648E800E5E6D8 /* Sources */ = {
			isa = PBXSourcesBuildPhase;
			buildActionMask = 2147483647;
			files = (
				7A1C12D42547EE5800855DFD /* main.m in Sources */,
			);
			runOnlyForDeploymentPostprocessing = 0;
		};
/* End PBXSourcesBuildPhase section */

/* Begin XCBuildConfiguration section */
		7A74433F254648E800E5E6D8 /* Debug */ = {
			isa = XCBuildConfiguration;
			buildSettings = {
				ALWAYS_SEARCH_USER_PATHS = NO;
				CLANG_ANALYZER_NONNULL = YES;
				CLANG_ANALYZER_NUMBER_OBJECT_CONVERSION = YES_AGGRESSIVE;
				CLANG_CXX_LANGUAGE_STANDARD = "gnu++14";
				CLANG_CXX_LIBRARY = "libc++";
				CLANG_ENABLE_MODULES = YES;
				CLANG_ENABLE_OBJC_ARC = YES;
				CLANG_ENABLE_OBJC_WEAK = YES;
				CLANG_WARN_BLOCK_CAPTURE_AUTORELEASING = YES;
				CLANG_WARN_BOOL_CONVERSION = YES;
				CLANG_WARN_COMMA = YES;
				CLANG_WARN_CONSTANT_CONVERSION = YES;
				CLANG_WARN_DEPRECATED_OBJC_IMPLEMENTATIONS = YES;
				CLANG_WARN_DIRECT_OBJC_ISA_USAGE = YES_ERROR;
				CLANG_WARN_DOCUMENTATION_COMMENTS = YES;
				CLANG_WARN_EMPTY_BODY = YES;
				CLANG_WARN_ENUM_CONVERSION = YES;
				CLANG_WARN_INFINITE_RECURSION = YES;
				CLANG_WARN_INT_CONVERSION = YES;
				CLANG_WARN_NON_LITERAL_NULL_CONVERSION = YES;
				CLANG_WARN_OBJC_IMPLICIT_RETAIN_SELF = YES;
				CLANG_WARN_OBJC_LITERAL_CONVERSION = YES;
				CLANG_WARN_OBJC_ROOT_CLASS = YES_ERROR;
				CLANG_WARN_QUOTED_INCLUDE_IN_FRAMEWORK_HEADER = YES;
				CLANG_WARN_RANGE_LOOP_ANALYSIS = YES;
				CLANG_WARN_STRICT_PROTOTYPES = YES;
				CLANG_WARN_SUSPICIOUS_MOVE = YES;
				CLANG_WARN_UNGUARDED_AVAILABILITY = YES_AGGRESSIVE;
				CLANG_WARN_UNREACHABLE_CODE = YES;
				CLANG_WARN__DUPLICATE_METHOD_MATCH = YES;
				COPY_PHASE_STRIP = NO;
				DEBUG_INFORMATION_FORMAT = dwarf;
				ENABLE_STRICT_OBJC_MSGSEND = YES;
				ENABLE_TESTABILITY = YES;
				GCC_C_LANGUAGE_STANDARD = gnu11;
				GCC_DYNAMIC_NO_PIC = NO;
				GCC_NO_COMMON_BLOCKS = YES;
				GCC_OPTIMIZATION_LEVEL = 0;
				GCC_PREPROCESSOR_DEFINITIONS = (
					"DEBUG=1",
					"$(inherited)",
				);
				GCC_WARN_64_TO_32_BIT_CONVERSION = YES;
				GCC_WARN_ABOUT_RETURN_TYPE = YES_ERROR;
				GCC_WARN_UNDECLARED_SELECTOR = YES;
				GCC_WARN_UNINITIALIZED_AUTOS = YES_AGGRESSIVE;
				GCC_WARN_UNUSED_FUNCTION = YES;
				GCC_WARN_UNUSED_VARIABLE = YES;
				MACOSX_DEPLOYMENT_TARGET = 10.15;
				MTL_ENABLE_DEBUG_INFO = INCLUDE_SOURCE;
				MTL_FAST_MATH = YES;
				ONLY_ACTIVE_ARCH = YES;
				SDKROOT = macosx;
			};
			name = Debug;
		};
		7A744340254648E800E5E6D8 /* Release */ = {
			isa = XCBuildConfiguration;
			buildSettings = {
				ALWAYS_SEARCH_USER_PATHS = NO;
				CLANG_ANALYZER_NONNULL = YES;
				CLANG_ANALYZER_NUMBER_OBJECT_CONVERSION = YES_AGGRESSIVE;
				CLANG_CXX_LANGUAGE_STANDARD = "gnu++14";
				CLANG_CXX_LIBRARY = "libc++";
				CLANG_ENABLE_MODULES = YES;
				CLANG_ENABLE_OBJC_ARC = YES;
				CLANG_ENABLE_OBJC_WEAK = YES;
				CLANG_WARN_BLOCK_CAPTURE_AUTORELEASING = YES;
				CLANG_WARN_BOOL_CONVERSION = YES;
				CLANG_WARN_COMMA = YES;
				CLANG_WARN_CONSTANT_CONVERSION = YES;
				CLANG_WARN_DEPRECATED_OBJC_IMPLEMENTATIONS = YES;
				CLANG_WARN_DIRECT_OBJC_ISA_USAGE = YES_ERROR;
				CLANG_WARN_DOCUMENTATION_COMMENTS = YES;
				CLANG_WARN_EMPTY_BODY = YES;
				CLANG_WARN_ENUM_CONVERSION = YES;
				CLANG_WARN_INFINITE_RECURSION = YES;
				CLANG_WARN_INT_CONVERSION = YES;
				CLANG_WARN_NON_LITERAL_NULL_CONVERSION = YES;
				CLANG_WARN_OBJC_IMPLICIT_RETAIN_SELF = YES;
				CLANG_WARN_OBJC_LITERAL_CONVERSION = YES;
				CLANG_WARN_OBJC_ROOT_CLASS = YES_ERROR;
				CLANG_WARN_QUOTED_INCLUDE_IN_FRAMEWORK_HEADER = YES;
				CLANG_WARN_RANGE_LOOP_ANALYSIS = YES;
				CLANG_WARN_STRICT_PROTOTYPES = YES;
				CLANG_WARN_SUSPICIOUS_MOVE = YES;
				CLANG_WARN_UNGUARDED_AVAILABILITY = YES_AGGRESSIVE;
				CLANG_WARN_UNREACHABLE_CODE = YES;
				CLANG_WARN__DUPLICATE_METHOD_MATCH = YES;
				COPY_PHASE_STRIP = NO;
				DEBUG_INFORMATION_FORMAT = "dwarf-with-dsym";
				ENABLE_NS_ASSERTIONS = NO;
				ENABLE_STRICT_OBJC_MSGSEND = YES;
				GCC_C_LANGUAGE_STANDARD = gnu11;
				GCC_NO_COMMON_BLOCKS = YES;
				GCC_WARN_64_TO_32_BIT_CONVERSION = YES;
				GCC_WARN_ABOUT_RETURN_TYPE = YES_ERROR;
				GCC_WARN_UNDECLARED_SELECTOR = YES;
				GCC_WARN_UNINITIALIZED_AUTOS = YES_AGGRESSIVE;
				GCC_WARN_UNUSED_FUNCTION = YES;
				GCC_WARN_UNUSED_VARIABLE = YES;
				MACOSX_DEPLOYMENT_TARGET = 10.15;
				MTL_ENABLE_DEBUG_INFO = NO;
				MTL_FAST_MATH = YES;
				SDKROOT = macosx;
			};
			name = Release;
		};
		7A744342254648E800E5E6D8 /* Debug */ = {
			isa = XCBuildConfiguration;
			buildSettings = {
				CLANG_ENABLE_OBJC_ARC = YES;
				CODE_SIGN_STYLE = Automatic;
				DEVELOPMENT_TEAM = "";
				PRODUCT_NAME = "$(TARGET_NAME)";
			};
			name = Debug;
		};
		7A744343254648E800E5E6D8 /* Release */ = {
			isa = XCBuildConfiguration;
			buildSettings = {
				CLANG_ENABLE_OBJC_ARC = YES;
				CODE_SIGN_STYLE = Automatic;
				DEVELOPMENT_TEAM = "";
				PRODUCT_NAME = "$(TARGET_NAME)";
			};
			name = Release;
		};
/* End XCBuildConfiguration section */

/* Begin XCConfigurationList section */
		7A744335254648E800E5E6D8 /* Build configuration list for PBXProject "iOS_1026" */ = {
			isa = XCConfigurationList;
			buildConfigurations = (
				7A74433F254648E800E5E6D8 /* Debug */,
				7A744340254648E800E5E6D8 /* Release */,
			);
			defaultConfigurationIsVisible = 0;
			defaultConfigurationName = Release;
		};
		7A744341254648E800E5E6D8 /* Build configuration list for PBXNativeTarget "iOS_1026" */ = {
			isa = XCConfigurationList;
			buildConfigurations = (
				7A744342254648E800E5E6D8 /* Debug */,
				7A744343254648E800E5E6D8 /* Release */,
			);
			defaultConfigurationIsVisible = 0;
			defaultConfigurationName = Release;
		};
/* End XCConfigurationList section */
	};
	rootObject = 7A744332254648E800E5E6D8 /* Project object */;
}
